// !$*UTF8*$!
{
	archiveVersion = 1;
	classes = {
	};
	objectVersion = 50;
	objects = {

/* Begin PBXBuildFile section */
		3585ECD123AB6B7200F49C82 /* AppDelegate.swift in Sources */ = {isa = PBXBuildFile; fileRef = 3585ECD023AB6B7200F49C82 /* AppDelegate.swift */; };
		3585ECD323AB6B7200F49C82 /* SceneDelegate.swift in Sources */ = {isa = PBXBuildFile; fileRef = 3585ECD223AB6B7200F49C82 /* SceneDelegate.swift */; };
		3585ECD523AB6B7200F49C82 /* ViewController.swift in Sources */ = {isa = PBXBuildFile; fileRef = 3585ECD423AB6B7200F49C82 /* ViewController.swift */; };
		3585ECD823AB6B7200F49C82 /* Main.storyboard in Resources */ = {isa = PBXBuildFile; fileRef = 3585ECD623AB6B7200F49C82 /* Main.storyboard */; };
		3585ECDA23AB6B7400F49C82 /* Assets.xcassets in Resources */ = {isa = PBXBuildFile; fileRef = 3585ECD923AB6B7400F49C82 /* Assets.xcassets */; };
		3585ECDD23AB6B7400F49C82 /* LaunchScreen.storyboard in Resources */ = {isa = PBXBuildFile; fileRef = 3585ECDB23AB6B7400F49C82 /* LaunchScreen.storyboard */; };
		DDE9E00E299291D800A6C5A3 /* CoreDataStack.swift in Sources */ = {isa = PBXBuildFile; fileRef = DDE9E00D299291D800A6C5A3 /* CoreDataStack.swift */; };
/* End PBXBuildFile section */

/* Begin PBXFileReference section */
		3585ECCD23AB6B7200F49C82 /* MealTime.app */ = {isa = PBXFileReference; explicitFileType = wrapper.application; includeInIndex = 0; path = MealTime.app; sourceTree = BUILT_PRODUCTS_DIR; };
		3585ECD023AB6B7200F49C82 /* AppDelegate.swift */ = {isa = PBXFileReference; lastKnownFileType = sourcecode.swift; path = AppDelegate.swift; sourceTree = "<group>"; };
		3585ECD223AB6B7200F49C82 /* SceneDelegate.swift */ = {isa = PBXFileReference; lastKnownFileType = sourcecode.swift; path = SceneDelegate.swift; sourceTree = "<group>"; };
		3585ECD423AB6B7200F49C82 /* ViewController.swift */ = {isa = PBXFileReference; lastKnownFileType = sourcecode.swift; path = ViewController.swift; sourceTree = "<group>"; };
		3585ECD723AB6B7200F49C82 /* Base */ = {isa = PBXFileReference; lastKnownFileType = file.storyboard; name = Base; path = Base.lproj/Main.storyboard; sourceTree = "<group>"; };
		3585ECD923AB6B7400F49C82 /* Assets.xcassets */ = {isa = PBXFileReference; lastKnownFileType = folder.assetcatalog; path = Assets.xcassets; sourceTree = "<group>"; };
		3585ECDC23AB6B7400F49C82 /* Base */ = {isa = PBXFileReference; lastKnownFileType = file.storyboard; name = Base; path = Base.lproj/LaunchScreen.storyboard; sourceTree = "<group>"; };
		3585ECDE23AB6B7400F49C82 /* Info.plist */ = {isa = PBXFileReference; lastKnownFileType = text.plist.xml; path = Info.plist; sourceTree = "<group>"; };
		DDE9E00D299291D800A6C5A3 /* CoreDataStack.swift */ = {isa = PBXFileReference; lastKnownFileType = sourcecode.swift; path = CoreDataStack.swift; sourceTree = "<group>"; };
/* End PBXFileReference section */

/* Begin PBXFrameworksBuildPhase section */
		3585ECCA23AB6B7200F49C82 /* Frameworks */ = {
			isa = PBXFrameworksBuildPhase;
			buildActionMask = 2147483647;
			files = (
			);
			runOnlyForDeploymentPostprocessing = 0;
		};
/* End PBXFrameworksBuildPhase section */

/* Begin PBXGroup section */
		3585ECC423AB6B7200F49C82 = {
			isa = PBXGroup;
			children = (
				3585ECCF23AB6B7200F49C82 /* MealTime */,
				3585ECCE23AB6B7200F49C82 /* Products */,
			);
			sourceTree = "<group>";
		};
		3585ECCE23AB6B7200F49C82 /* Products */ = {
			isa = PBXGroup;
			children = (
				3585ECCD23AB6B7200F49C82 /* MealTime.app */,
			);
			name = Products;
			sourceTree = "<group>";
		};
		3585ECCF23AB6B7200F49C82 /* MealTime */ = {
			isa = PBXGroup;
			children = (
				3585ECD023AB6B7200F49C82 /* AppDelegate.swift */,
				3585ECD223AB6B7200F49C82 /* SceneDelegate.swift */,
				DDE9E00D299291D800A6C5A3 /* CoreDataStack.swift */,
				3585ECD423AB6B7200F49C82 /* ViewController.swift */,
				3585ECD623AB6B7200F49C82 /* Main.storyboard */,
				3585ECD923AB6B7400F49C82 /* Assets.xcassets */,
				3585ECDB23AB6B7400F49C82 /* LaunchScreen.storyboard */,
				3585ECDE23AB6B7400F49C82 /* Info.plist */,
			);
			path = MealTime;
			sourceTree = "<group>";
		};
/* End PBXGroup section */

/* Begin PBXNativeTarget section */
		3585ECCC23AB6B7200F49C82 /* MealTime */ = {
			isa = PBXNativeTarget;
			buildConfigurationList = 3585ECE123AB6B7400F49C82 /* Build configuration list for PBXNativeTarget "MealTime" */;
			buildPhases = (
				3585ECC923AB6B7200F49C82 /* Sources */,
				3585ECCA23AB6B7200F49C82 /* Frameworks */,
				3585ECCB23AB6B7200F49C82 /* Resources */,
			);
			buildRules = (
			);
			dependencies = (
			);
			name = MealTime;
			productName = MealTime;
			productReference = 3585ECCD23AB6B7200F49C82 /* MealTime.app */;
			productType = "com.apple.product-type.application";
		};
/* End PBXNativeTarget section */

/* Begin PBXProject section */
		3585ECC523AB6B7200F49C82 /* Project object */ = {
			isa = PBXProject;
			attributes = {
				LastSwiftUpdateCheck = 1120;
				LastUpgradeCheck = 1120;
				ORGANIZATIONNAME = "Ivan Akulov";
				TargetAttributes = {
					3585ECCC23AB6B7200F49C82 = {
						CreatedOnToolsVersion = 11.2.1;
					};
				};
			};
			buildConfigurationList = 3585ECC823AB6B7200F49C82 /* Build configuration list for PBXProject "MealTime" */;
			compatibilityVersion = "Xcode 9.3";
			developmentRegion = en;
			hasScannedForEncodings = 0;
			knownRegions = (
				en,
				Base,
			);
			mainGroup = 3585ECC423AB6B7200F49C82;
			productRefGroup = 3585ECCE23AB6B7200F49C82 /* Products */;
			projectDirPath = "";
			projectRoot = "";
			targets = (
				3585ECCC23AB6B7200F49C82 /* MealTime */,
			);
		};
/* End PBXProject section */

/* Begin PBXResourcesBuildPhase section */
		3585ECCB23AB6B7200F49C82 /* Resources */ = {
			isa = PBXResourcesBuildPhase;
			buildActionMask = 2147483647;
			files = (
				3585ECDD23AB6B7400F49C82 /* LaunchScreen.storyboard in Resources */,
				3585ECDA23AB6B7400F49C82 /* Assets.xcassets in Resources */,
				3585ECD823AB6B7200F49C82 /* Main.storyboard in Resources */,
			);
			runOnlyForDeploymentPostprocessing = 0;
		};
/* End PBXResourcesBuildPhase section */

/* Begin PBXSourcesBuildPhase section */
		3585ECC923AB6B7200F49C82 /* Sources */ = {
			isa = PBXSourcesBuildPhase;
			buildActionMask = 2147483647;
			files = (
				3585ECD523AB6B7200F49C82 /* ViewController.swift in Sources */,
				3585ECD123AB6B7200F49C82 /* AppDelegate.swift in Sources */,
				3585ECD323AB6B7200F49C82 /* SceneDelegate.swift in Sources */,
				DDE9E00E299291D800A6C5A3 /* CoreDataStack.swift in Sources */,
			);
			runOnlyForDeploymentPostprocessing = 0;
		};
/* End PBXSourcesBuildPhase section */

/* Begin PBXVariantGroup section */
		3585ECD623AB6B7200F49C82 /* Main.storyboard */ = {
			isa = PBXVariantGroup;
			children = (
				3585ECD723AB6B7200F49C82 /* Base */,
			);
			name = Main.storyboard;
			sourceTree = "<group>";
		};
		3585ECDB23AB6B7400F49C82 /* LaunchScreen.storyboard */ = {
			isa = PBXVariantGroup;
			children = (
				3585ECDC23AB6B7400F49C82 /* Base */,
			);
			name = LaunchScreen.storyboard;
			sourceTree = "<group>";
		};
/* End PBXVariantGroup section */

/* Begin XCBuildConfiguration section */
		3585ECDF23AB6B7400F49C82 /* Debug */ = {
			isa = XCBuildConfiguration;
			buildSettings = {
				ALWAYS_SEARCH_USER_PATHS = NO;
				CLANG_ANALYZER_NONNULL = YES;
				CLANG_ANALYZER_NUMBER_OBJECT_CONVERSION = YES_AGGRESSIVE;
				CLANG_CXX_LANGUAGE_STANDARD = "gnu++14";
				CLANG_CXX_LIBRARY = "libc++";
				CLANG_ENABLE_MODULES = YES;
				CLANG_ENABLE_OBJC_ARC = YES;
				CLANG_ENABLE_OBJC_WEAK = YES;
				CLANG_WARN_BLOCK_CAPTURE_AUTORELEASING = YES;
				CLANG_WARN_BOOL_CONVERSION = YES;
				CLANG_WARN_COMMA = YES;
				CLANG_WARN_CONSTANT_CONVERSION = YES;
				CLANG_WARN_DEPRECATED_OBJC_IMPLEMENTATIONS = YES;
				CLANG_WARN_DIRECT_OBJC_ISA_USAGE = YES_ERROR;
				CLANG_WARN_DOCUMENTATION_COMMENTS = YES;
				CLANG_WARN_EMPTY_BODY = YES;
				CLANG_WARN_ENUM_CONVERSION = YES;
				CLANG_WARN_INFINITE_RECURSION = YES;
				CLANG_WARN_INT_CONVERSION = YES;
				CLANG_WARN_NON_LITERAL_NULL_CONVERSION = YES;
				CLANG_WARN_OBJC_IMPLICIT_RETAIN_SELF = YES;
				CLANG_WARN_OBJC_LITERAL_CONVERSION = YES;
				CLANG_WARN_OBJC_ROOT_CLASS = YES_ERROR;
				CLANG_WARN_RANGE_LOOP_ANALYSIS = YES;
				CLANG_WARN_STRICT_PROTOTYPES = YES;
				CLANG_WARN_SUSPICIOUS_MOVE = YES;
				CLANG_WARN_UNGUARDED_AVAILABILITY = YES_AGGRESSIVE;
				CLANG_WARN_UNREACHABLE_CODE = YES;
				CLANG_WARN__DUPLICATE_METHOD_MATCH = YES;
				COPY_PHASE_STRIP = NO;
				DEBUG_INFORMATION_FORMAT = dwarf;
				ENABLE_STRICT_OBJC_MSGSEND = YES;
				ENABLE_TESTABILITY = YES;
				GCC_C_LANGUAGE_STANDARD = gnu11;
				GCC_DYNAMIC_NO_PIC = NO;
				GCC_NO_COMMON_BLOCKS = YES;
				GCC_OPTIMIZATION_LEVEL = 0;
				GCC_PREPROCESSOR_DEFINITIONS = (
					"DEBUG=1",
					"$(inherited)",
				);
				GCC_WARN_64_TO_32_BIT_CONVERSION = YES;
				GCC_WARN_ABOUT_RETURN_TYPE = YES_ERROR;
				GCC_WARN_UNDECLARED_SELECTOR = YES;
				GCC_WARN_UNINITIALIZED_AUTOS = YES_AGGRESSIVE;
				GCC_WARN_UNUSED_FUNCTION = YES;
				GCC_WARN_UNUSED_VARIABLE = YES;
				IPHONEOS_DEPLOYMENT_TARGET = 15.4;
				MTL_ENABLE_DEBUG_INFO = INCLUDE_SOURCE;
				MTL_FAST_MATH = YES;
				ONLY_ACTIVE_ARCH = YES;
				SDKROOT = iphoneos;
				SWIFT_ACTIVE_COMPILATION_CONDITIONS = DEBUG;
				SWIFT_OPTIMIZATION_LEVEL = "-Onone";
			};
			name = Debug;
		};
		3585ECE023AB6B7400F49C82 /* Release */ = {
			isa = XCBuildConfiguration;
			buildSettings = {
				ALWAYS_SEARCH_USER_PATHS = NO;
				CLANG_ANALYZER_NONNULL = YES;
				CLANG_ANALYZER_NUMBER_OBJECT_CONVERSION = YES_AGGRESSIVE;
				CLANG_CXX_LANGUAGE_STANDARD = "gnu++14";
				CLANG_CXX_LIBRARY = "libc++";
				CLANG_ENABLE_MODULES = YES;
				CLANG_ENABLE_OBJC_ARC = YES;
				CLANG_ENABLE_OBJC_WEAK = YES;
				CLANG_WARN_BLOCK_CAPTURE_AUTORELEASING = YES;
				CLANG_WARN_BOOL_CONVERSION = YES;
				CLANG_WARN_COMMA = YES;
				CLANG_WARN_CONSTANT_CONVERSION = YES;
				CLANG_WARN_DEPRECATED_OBJC_IMPLEMENTATIONS = YES;
				CLANG_WARN_DIRECT_OBJC_ISA_USAGE = YES_ERROR;
				CLANG_WARN_DOCUMENTATION_COMMENTS = YES;
				CLANG_WARN_EMPTY_BODY = YES;
				CLANG_WARN_ENUM_CONVERSION = YES;
				CLANG_WARN_INFINITE_RECURSION = YES;
				CLANG_WARN_INT_CONVERSION = YES;
				CLANG_WARN_NON_LITERAL_NULL_CONVERSION = YES;
				CLANG_WARN_OBJC_IMPLICIT_RETAIN_SELF = YES;
				CLANG_WARN_OBJC_LITERAL_CONVERSION = YES;
				CLANG_WARN_OBJC_ROOT_CLASS = YES_ERROR;
				CLANG_WARN_RANGE_LOOP_ANALYSIS = YES;
				CLANG_WARN_STRICT_PROTOTYPES = YES;
				CLANG_WARN_SUSPICIOUS_MOVE = YES;
				CLANG_WARN_UNGUARDED_AVAILABILITY = YES_AGGRESSIVE;
				CLANG_WARN_UNREACHABLE_CODE = YES;
				CLANG_WARN__DUPLICATE_METHOD_MATCH = YES;
				COPY_PHASE_STRIP = NO;
				DEBUG_INFORMATION_FORMAT = "dwarf-with-dsym";
				ENABLE_NS_ASSERTIONS = NO;
				ENABLE_STRICT_OBJC_MSGSEND = YES;
				GCC_C_LANGUAGE_STANDARD = gnu11;
				GCC_NO_COMMON_BLOCKS = YES;
				GCC_WARN_64_TO_32_BIT_CONVERSION = YES;
				GCC_WARN_ABOUT_RETURN_TYPE = YES_ERROR;
				GCC_WARN_UNDECLARED_SELECTOR = YES;
				GCC_WARN_UNINITIALIZED_AUTOS = YES_AGGRESSIVE;
				GCC_WARN_UNUSED_FUNCTION = YES;
				GCC_WARN_UNUSED_VARIABLE = YES;
				IPHONEOS_DEPLOYMENT_TARGET = 15.4;
				MTL_ENABLE_DEBUG_INFO = NO;
				MTL_FAST_MATH = YES;
				SDKROOT = iphoneos;
				SWIFT_COMPILATION_MODE = wholemodule;
				SWIFT_OPTIMIZATION_LEVEL = "-O";
				VALIDATE_PRODUCT = YES;
			};
			name = Release;
		};
		3585ECE223AB6B7400F49C82 /* Debug */ = {
			isa = XCBuildConfiguration;
			buildSettings = {
				ASSETCATALOG_COMPILER_APPICON_NAME = AppIcon;
				CODE_SIGN_STYLE = Automatic;
				DEVELOPMENT_TEAM = 5H969S6YFE;
				INFOPLIST_FILE = MealTime/Info.plist;
				IPHONEOS_DEPLOYMENT_TARGET = 15.4;
				LD_RUNPATH_SEARCH_PATHS = (
					"$(inherited)",
					"@executable_path/Frameworks",
				);
				PRODUCT_BUNDLE_IDENTIFIER = ru.swiftbook.MealTime;
				PRODUCT_NAME = "$(TARGET_NAME)";
				SWIFT_VERSION = 5.0;
				TARGETED_DEVICE_FAMILY = 1;
			};
			name = Debug;
		};
		3585ECE323AB6B7400F49C82 /* Release */ = {
			isa = XCBuildConfiguration;
			buildSettings = {
				ASSETCATALOG_COMPILER_APPICON_NAME = AppIcon;
				CODE_SIGN_STYLE = Automatic;
				DEVELOPMENT_TEAM = 5H969S6YFE;
				INFOPLIST_FILE = MealTime/Info.plist;
				IPHONEOS_DEPLOYMENT_TARGET = 15.4;
				LD_RUNPATH_SEARCH_PATHS = (
					"$(inherited)",
					"@executable_path/Frameworks",
				);
				PRODUCT_BUNDLE_IDENTIFIER = ru.swiftbook.MealTime;
				PRODUCT_NAME = "$(TARGET_NAME)";
				SWIFT_VERSION = 5.0;
				TARGETED_DEVICE_FAMILY = 1;
			};
			name = Release;
		};
/* End XCBuildConfiguration section */

/* Begin XCConfigurationList section */
		3585ECC823AB6B7200F49C82 /* Build configuration list for PBXProject "MealTime" */ = {
			isa = XCConfigurationList;
			buildConfigurations = (
				3585ECDF23AB6B7400F49C82 /* Debug */,
				3585ECE023AB6B7400F49C82 /* Release */,
			);
			defaultConfigurationIsVisible = 0;
			defaultConfigurationName = Release;
		};
		3585ECE123AB6B7400F49C82 /* Build configuration list for PBXNativeTarget "MealTime" */ = {
			isa = XCConfigurationList;
			buildConfigurations = (
				3585ECE223AB6B7400F49C82 /* Debug */,
				3585ECE323AB6B7400F49C82 /* Release */,
			);
			defaultConfigurationIsVisible = 0;
			defaultConfigurationName = Release;
		};
/* End XCConfigurationList section */
	};
	rootObject = 3585ECC523AB6B7200F49C82 /* Project object */;
}
