// !$*UTF8*$!
{
	archiveVersion = 1;
	classes = {
	};
	objectVersion = 55;
	objects = {

/* Begin PBXBuildFile section */
		DD5A9C60299FB7DB00CE9CCC /* TasksViewController.swift in Sources */ = {isa = PBXBuildFile; fileRef = DD5A9C5F299FB7DB00CE9CCC /* TasksViewController.swift */; };
		DDA082CF299E38A700B5568F /* AppDelegate.swift in Sources */ = {isa = PBXBuildFile; fileRef = DDA082CE299E38A700B5568F /* AppDelegate.swift */; };
		DDA082D1299E38A700B5568F /* SceneDelegate.swift in Sources */ = {isa = PBXBuildFile; fileRef = DDA082D0299E38A700B5568F /* SceneDelegate.swift */; };
		DDA082D3299E38A700B5568F /* LoginViewController.swift in Sources */ = {isa = PBXBuildFile; fileRef = DDA082D2299E38A700B5568F /* LoginViewController.swift */; };
		DDA082D6299E38A700B5568F /* Main.storyboard in Resources */ = {isa = PBXBuildFile; fileRef = DDA082D4299E38A700B5568F /* Main.storyboard */; };
		DDA082D8299E38A800B5568F /* Assets.xcassets in Resources */ = {isa = PBXBuildFile; fileRef = DDA082D7299E38A800B5568F /* Assets.xcassets */; };
		DDA082DB299E38A800B5568F /* LaunchScreen.storyboard in Resources */ = {isa = PBXBuildFile; fileRef = DDA082D9299E38A800B5568F /* LaunchScreen.storyboard */; };
		DDED1A1F29A005BB003986A7 /* GoogleService-Info.plist in Resources */ = {isa = PBXBuildFile; fileRef = DDED1A1E29A005BB003986A7 /* GoogleService-Info.plist */; };
		DDED1A2229A0098F003986A7 /* FirebaseAuth in Frameworks */ = {isa = PBXBuildFile; productRef = DDED1A2129A0098F003986A7 /* FirebaseAuth */; };
		DDED1A2429A0098F003986A7 /* FirebaseDatabase in Frameworks */ = {isa = PBXBuildFile; productRef = DDED1A2329A0098F003986A7 /* FirebaseDatabase */; };
		DDED1A2629A0098F003986A7 /* FirebaseDatabaseSwift in Frameworks */ = {isa = PBXBuildFile; productRef = DDED1A2529A0098F003986A7 /* FirebaseDatabaseSwift */; };
		DDED1A2829A0098F003986A7 /* FirebaseStorage in Frameworks */ = {isa = PBXBuildFile; productRef = DDED1A2729A0098F003986A7 /* FirebaseStorage */; };
/* End PBXBuildFile section */

/* Begin PBXFileReference section */
		DD5A9C5F299FB7DB00CE9CCC /* TasksViewController.swift */ = {isa = PBXFileReference; lastKnownFileType = sourcecode.swift; path = TasksViewController.swift; sourceTree = "<group>"; };
		DDA082CB299E38A700B5568F /* ToDoFirebase.app */ = {isa = PBXFileReference; explicitFileType = wrapper.application; includeInIndex = 0; path = ToDoFirebase.app; sourceTree = BUILT_PRODUCTS_DIR; };
		DDA082CE299E38A700B5568F /* AppDelegate.swift */ = {isa = PBXFileReference; lastKnownFileType = sourcecode.swift; path = AppDelegate.swift; sourceTree = "<group>"; };
		DDA082D0299E38A700B5568F /* SceneDelegate.swift */ = {isa = PBXFileReference; lastKnownFileType = sourcecode.swift; path = SceneDelegate.swift; sourceTree = "<group>"; };
		DDA082D2299E38A700B5568F /* LoginViewController.swift */ = {isa = PBXFileReference; lastKnownFileType = sourcecode.swift; path = LoginViewController.swift; sourceTree = "<group>"; };
		DDA082D5299E38A700B5568F /* Base */ = {isa = PBXFileReference; lastKnownFileType = file.storyboard; name = Base; path = Base.lproj/Main.storyboard; sourceTree = "<group>"; };
		DDA082D7299E38A800B5568F /* Assets.xcassets */ = {isa = PBXFileReference; lastKnownFileType = folder.assetcatalog; path = Assets.xcassets; sourceTree = "<group>"; };
		DDA082DA299E38A800B5568F /* Base */ = {isa = PBXFileReference; lastKnownFileType = file.storyboard; name = Base; path = Base.lproj/LaunchScreen.storyboard; sourceTree = "<group>"; };
		DDA082DC299E38A800B5568F /* Info.plist */ = {isa = PBXFileReference; lastKnownFileType = text.plist.xml; path = Info.plist; sourceTree = "<group>"; };
		DDED1A1E29A005BB003986A7 /* GoogleService-Info.plist */ = {isa = PBXFileReference; fileEncoding = 4; lastKnownFileType = text.plist.xml; path = "GoogleService-Info.plist"; sourceTree = "<group>"; };
/* End PBXFileReference section */

/* Begin PBXFrameworksBuildPhase section */
		DDA082C8299E38A700B5568F /* Frameworks */ = {
			isa = PBXFrameworksBuildPhase;
			buildActionMask = 2147483647;
			files = (
				DDED1A2629A0098F003986A7 /* FirebaseDatabaseSwift in Frameworks */,
				DDED1A2829A0098F003986A7 /* FirebaseStorage in Frameworks */,
				DDED1A2429A0098F003986A7 /* FirebaseDatabase in Frameworks */,
				DDED1A2229A0098F003986A7 /* FirebaseAuth in Frameworks */,
			);
			runOnlyForDeploymentPostprocessing = 0;
		};
/* End PBXFrameworksBuildPhase section */

/* Begin PBXGroup section */
		DD5A9C61299FB83000CE9CCC /* Controllers */ = {
			isa = PBXGroup;
			children = (
				DDA082D2299E38A700B5568F /* LoginViewController.swift */,
				DD5A9C5F299FB7DB00CE9CCC /* TasksViewController.swift */,
			);
			path = Controllers;
			sourceTree = "<group>";
		};
		DD5A9C62299FB84B00CE9CCC /* Supporting files */ = {
			isa = PBXGroup;
			children = (
				DDA082CE299E38A700B5568F /* AppDelegate.swift */,
				DDA082D0299E38A700B5568F /* SceneDelegate.swift */,
				DDA082D4299E38A700B5568F /* Main.storyboard */,
				DDA082D7299E38A800B5568F /* Assets.xcassets */,
				DDA082D9299E38A800B5568F /* LaunchScreen.storyboard */,
				DDED1A1E29A005BB003986A7 /* GoogleService-Info.plist */,
			);
			path = "Supporting files";
			sourceTree = "<group>";
		};
		DDA082C2299E38A700B5568F = {
			isa = PBXGroup;
			children = (
				DDA082CD299E38A700B5568F /* ToDoFirebase */,
				DDA082CC299E38A700B5568F /* Products */,
			);
			sourceTree = "<group>";
		};
		DDA082CC299E38A700B5568F /* Products */ = {
			isa = PBXGroup;
			children = (
				DDA082CB299E38A700B5568F /* ToDoFirebase.app */,
			);
			name = Products;
			sourceTree = "<group>";
		};
		DDA082CD299E38A700B5568F /* ToDoFirebase */ = {
			isa = PBXGroup;
			children = (
				DD5A9C61299FB83000CE9CCC /* Controllers */,
				DD5A9C62299FB84B00CE9CCC /* Supporting files */,
				DDA082DC299E38A800B5568F /* Info.plist */,
			);
			path = ToDoFirebase;
			sourceTree = "<group>";
		};
/* End PBXGroup section */

/* Begin PBXNativeTarget section */
		DDA082CA299E38A700B5568F /* ToDoFirebase */ = {
			isa = PBXNativeTarget;
			buildConfigurationList = DDA082DF299E38A800B5568F /* Build configuration list for PBXNativeTarget "ToDoFirebase" */;
			buildPhases = (
				DDA082C7299E38A700B5568F /* Sources */,
				DDA082C8299E38A700B5568F /* Frameworks */,
				DDA082C9299E38A700B5568F /* Resources */,
			);
			buildRules = (
			);
			dependencies = (
			);
			name = ToDoFirebase;
			packageProductDependencies = (
				DDED1A2129A0098F003986A7 /* FirebaseAuth */,
				DDED1A2329A0098F003986A7 /* FirebaseDatabase */,
				DDED1A2529A0098F003986A7 /* FirebaseDatabaseSwift */,
				DDED1A2729A0098F003986A7 /* FirebaseStorage */,
			);
			productName = ToDoFirebase;
			productReference = DDA082CB299E38A700B5568F /* ToDoFirebase.app */;
			productType = "com.apple.product-type.application";
		};
/* End PBXNativeTarget section */

/* Begin PBXProject section */
		DDA082C3299E38A700B5568F /* Project object */ = {
			isa = PBXProject;
			attributes = {
				BuildIndependentTargetsInParallel = 1;
				LastSwiftUpdateCheck = 1330;
				LastUpgradeCheck = 1330;
				TargetAttributes = {
					DDA082CA299E38A700B5568F = {
						CreatedOnToolsVersion = 13.3;
					};
				};
			};
			buildConfigurationList = DDA082C6299E38A700B5568F /* Build configuration list for PBXProject "ToDoFirebase" */;
			compatibilityVersion = "Xcode 13.0";
			developmentRegion = en;
			hasScannedForEncodings = 0;
			knownRegions = (
				en,
				Base,
			);
			mainGroup = DDA082C2299E38A700B5568F;
			packageReferences = (
				DDED1A2029A0098F003986A7 /* XCRemoteSwiftPackageReference "firebase-ios-sdk" */,
			);
			productRefGroup = DDA082CC299E38A700B5568F /* Products */;
			projectDirPath = "";
			projectRoot = "";
			targets = (
				DDA082CA299E38A700B5568F /* ToDoFirebase */,
			);
		};
/* End PBXProject section */

/* Begin PBXResourcesBuildPhase section */
		DDA082C9299E38A700B5568F /* Resources */ = {
			isa = PBXResourcesBuildPhase;
			buildActionMask = 2147483647;
			files = (
				DDA082DB299E38A800B5568F /* LaunchScreen.storyboard in Resources */,
				DDED1A1F29A005BB003986A7 /* GoogleService-Info.plist in Resources */,
				DDA082D8299E38A800B5568F /* Assets.xcassets in Resources */,
				DDA082D6299E38A700B5568F /* Main.storyboard in Resources */,
			);
			runOnlyForDeploymentPostprocessing = 0;
		};
/* End PBXResourcesBuildPhase section */

/* Begin PBXSourcesBuildPhase section */
		DDA082C7299E38A700B5568F /* Sources */ = {
			isa = PBXSourcesBuildPhase;
			buildActionMask = 2147483647;
			files = (
				DDA082D3299E38A700B5568F /* LoginViewController.swift in Sources */,
				DD5A9C60299FB7DB00CE9CCC /* TasksViewController.swift in Sources */,
				DDA082CF299E38A700B5568F /* AppDelegate.swift in Sources */,
				DDA082D1299E38A700B5568F /* SceneDelegate.swift in Sources */,
			);
			runOnlyForDeploymentPostprocessing = 0;
		};
/* End PBXSourcesBuildPhase section */

/* Begin PBXVariantGroup section */
		DDA082D4299E38A700B5568F /* Main.storyboard */ = {
			isa = PBXVariantGroup;
			children = (
				DDA082D5299E38A700B5568F /* Base */,
			);
			name = Main.storyboard;
			sourceTree = "<group>";
		};
		DDA082D9299E38A800B5568F /* LaunchScreen.storyboard */ = {
			isa = PBXVariantGroup;
			children = (
				DDA082DA299E38A800B5568F /* Base */,
			);
			name = LaunchScreen.storyboard;
			sourceTree = "<group>";
		};
/* End PBXVariantGroup section */

/* Begin XCBuildConfiguration section */
		DDA082DD299E38A800B5568F /* Debug */ = {
			isa = XCBuildConfiguration;
			buildSettings = {
				ALWAYS_SEARCH_USER_PATHS = NO;
				CLANG_ANALYZER_NONNULL = YES;
				CLANG_ANALYZER_NUMBER_OBJECT_CONVERSION = YES_AGGRESSIVE;
				CLANG_CXX_LANGUAGE_STANDARD = "gnu++17";
				CLANG_ENABLE_MODULES = YES;
				CLANG_ENABLE_OBJC_ARC = YES;
				CLANG_ENABLE_OBJC_WEAK = YES;
				CLANG_WARN_BLOCK_CAPTURE_AUTORELEASING = YES;
				CLANG_WARN_BOOL_CONVERSION = YES;
				CLANG_WARN_COMMA = YES;
				CLANG_WARN_CONSTANT_CONVERSION = YES;
				CLANG_WARN_DEPRECATED_OBJC_IMPLEMENTATIONS = YES;
				CLANG_WARN_DIRECT_OBJC_ISA_USAGE = YES_ERROR;
				CLANG_WARN_DOCUMENTATION_COMMENTS = YES;
				CLANG_WARN_EMPTY_BODY = YES;
				CLANG_WARN_ENUM_CONVERSION = YES;
				CLANG_WARN_INFINITE_RECURSION = YES;
				CLANG_WARN_INT_CONVERSION = YES;
				CLANG_WARN_NON_LITERAL_NULL_CONVERSION = YES;
				CLANG_WARN_OBJC_IMPLICIT_RETAIN_SELF = YES;
				CLANG_WARN_OBJC_LITERAL_CONVERSION = YES;
				CLANG_WARN_OBJC_ROOT_CLASS = YES_ERROR;
				CLANG_WARN_QUOTED_INCLUDE_IN_FRAMEWORK_HEADER = YES;
				CLANG_WARN_RANGE_LOOP_ANALYSIS = YES;
				CLANG_WARN_STRICT_PROTOTYPES = YES;
				CLANG_WARN_SUSPICIOUS_MOVE = YES;
				CLANG_WARN_UNGUARDED_AVAILABILITY = YES_AGGRESSIVE;
				CLANG_WARN_UNREACHABLE_CODE = YES;
				CLANG_WARN__DUPLICATE_METHOD_MATCH = YES;
				COPY_PHASE_STRIP = NO;
				DEBUG_INFORMATION_FORMAT = dwarf;
				ENABLE_STRICT_OBJC_MSGSEND = YES;
				ENABLE_TESTABILITY = YES;
				GCC_C_LANGUAGE_STANDARD = gnu11;
				GCC_DYNAMIC_NO_PIC = NO;
				GCC_NO_COMMON_BLOCKS = YES;
				GCC_OPTIMIZATION_LEVEL = 0;
				GCC_PREPROCESSOR_DEFINITIONS = (
					"DEBUG=1",
					"$(inherited)",
				);
				GCC_WARN_64_TO_32_BIT_CONVERSION = YES;
				GCC_WARN_ABOUT_RETURN_TYPE = YES_ERROR;
				GCC_WARN_UNDECLARED_SELECTOR = YES;
				GCC_WARN_UNINITIALIZED_AUTOS = YES_AGGRESSIVE;
				GCC_WARN_UNUSED_FUNCTION = YES;
				GCC_WARN_UNUSED_VARIABLE = YES;
				IPHONEOS_DEPLOYMENT_TARGET = 15.4;
				MTL_ENABLE_DEBUG_INFO = INCLUDE_SOURCE;
				MTL_FAST_MATH = YES;
				ONLY_ACTIVE_ARCH = YES;
				SDKROOT = iphoneos;
				SWIFT_ACTIVE_COMPILATION_CONDITIONS = DEBUG;
				SWIFT_OPTIMIZATION_LEVEL = "-Onone";
			};
			name = Debug;
		};
		DDA082DE299E38A800B5568F /* Release */ = {
			isa = XCBuildConfiguration;
			buildSettings = {
				ALWAYS_SEARCH_USER_PATHS = NO;
				CLANG_ANALYZER_NONNULL = YES;
				CLANG_ANALYZER_NUMBER_OBJECT_CONVERSION = YES_AGGRESSIVE;
				CLANG_CXX_LANGUAGE_STANDARD = "gnu++17";
				CLANG_ENABLE_MODULES = YES;
				CLANG_ENABLE_OBJC_ARC = YES;
				CLANG_ENABLE_OBJC_WEAK = YES;
				CLANG_WARN_BLOCK_CAPTURE_AUTORELEASING = YES;
				CLANG_WARN_BOOL_CONVERSION = YES;
				CLANG_WARN_COMMA = YES;
				CLANG_WARN_CONSTANT_CONVERSION = YES;
				CLANG_WARN_DEPRECATED_OBJC_IMPLEMENTATIONS = YES;
				CLANG_WARN_DIRECT_OBJC_ISA_USAGE = YES_ERROR;
				CLANG_WARN_DOCUMENTATION_COMMENTS = YES;
				CLANG_WARN_EMPTY_BODY = YES;
				CLANG_WARN_ENUM_CONVERSION = YES;
				CLANG_WARN_INFINITE_RECURSION = YES;
				CLANG_WARN_INT_CONVERSION = YES;
				CLANG_WARN_NON_LITERAL_NULL_CONVERSION = YES;
				CLANG_WARN_OBJC_IMPLICIT_RETAIN_SELF = YES;
				CLANG_WARN_OBJC_LITERAL_CONVERSION = YES;
				CLANG_WARN_OBJC_ROOT_CLASS = YES_ERROR;
				CLANG_WARN_QUOTED_INCLUDE_IN_FRAMEWORK_HEADER = YES;
				CLANG_WARN_RANGE_LOOP_ANALYSIS = YES;
				CLANG_WARN_STRICT_PROTOTYPES = YES;
				CLANG_WARN_SUSPICIOUS_MOVE = YES;
				CLANG_WARN_UNGUARDED_AVAILABILITY = YES_AGGRESSIVE;
				CLANG_WARN_UNREACHABLE_CODE = YES;
				CLANG_WARN__DUPLICATE_METHOD_MATCH = YES;
				COPY_PHASE_STRIP = NO;
				DEBUG_INFORMATION_FORMAT = "dwarf-with-dsym";
				ENABLE_NS_ASSERTIONS = NO;
				ENABLE_STRICT_OBJC_MSGSEND = YES;
				GCC_C_LANGUAGE_STANDARD = gnu11;
				GCC_NO_COMMON_BLOCKS = YES;
				GCC_WARN_64_TO_32_BIT_CONVERSION = YES;
				GCC_WARN_ABOUT_RETURN_TYPE = YES_ERROR;
				GCC_WARN_UNDECLARED_SELECTOR = YES;
				GCC_WARN_UNINITIALIZED_AUTOS = YES_AGGRESSIVE;
				GCC_WARN_UNUSED_FUNCTION = YES;
				GCC_WARN_UNUSED_VARIABLE = YES;
				IPHONEOS_DEPLOYMENT_TARGET = 15.4;
				MTL_ENABLE_DEBUG_INFO = NO;
				MTL_FAST_MATH = YES;
				SDKROOT = iphoneos;
				SWIFT_COMPILATION_MODE = wholemodule;
				SWIFT_OPTIMIZATION_LEVEL = "-O";
				VALIDATE_PRODUCT = YES;
			};
			name = Release;
		};
		DDA082E0299E38A800B5568F /* Debug */ = {
			isa = XCBuildConfiguration;
			buildSettings = {
				ASSETCATALOG_COMPILER_APPICON_NAME = AppIcon;
				ASSETCATALOG_COMPILER_GLOBAL_ACCENT_COLOR_NAME = AccentColor;
				CODE_SIGN_STYLE = Automatic;
				CURRENT_PROJECT_VERSION = 1;
				DEVELOPMENT_TEAM = F5T2KNU2K8;
				GENERATE_INFOPLIST_FILE = YES;
				INFOPLIST_FILE = ToDoFirebase/Info.plist;
				INFOPLIST_KEY_UIApplicationSupportsIndirectInputEvents = YES;
				INFOPLIST_KEY_UILaunchStoryboardName = LaunchScreen;
				INFOPLIST_KEY_UIMainStoryboardFile = Main;
				INFOPLIST_KEY_UISupportedInterfaceOrientations_iPad = "UIInterfaceOrientationPortrait UIInterfaceOrientationPortraitUpsideDown UIInterfaceOrientationLandscapeLeft UIInterfaceOrientationLandscapeRight";
				INFOPLIST_KEY_UISupportedInterfaceOrientations_iPhone = "UIInterfaceOrientationPortrait UIInterfaceOrientationLandscapeLeft UIInterfaceOrientationLandscapeRight";
				LD_RUNPATH_SEARCH_PATHS = (
					"$(inherited)",
					"@executable_path/Frameworks",
				);
				MARKETING_VERSION = 1.0;
				PRODUCT_BUNDLE_IDENTIFIER = com.androsenkoartem.ToDoFirebase;
				PRODUCT_NAME = "$(TARGET_NAME)";
				SWIFT_EMIT_LOC_STRINGS = YES;
				SWIFT_VERSION = 5.0;
				TARGETED_DEVICE_FAMILY = 1;
			};
			name = Debug;
		};
		DDA082E1299E38A800B5568F /* Release */ = {
			isa = XCBuildConfiguration;
			buildSettings = {
				ASSETCATALOG_COMPILER_APPICON_NAME = AppIcon;
				ASSETCATALOG_COMPILER_GLOBAL_ACCENT_COLOR_NAME = AccentColor;
				CODE_SIGN_STYLE = Automatic;
				CURRENT_PROJECT_VERSION = 1;
				DEVELOPMENT_TEAM = F5T2KNU2K8;
				GENERATE_INFOPLIST_FILE = YES;
				INFOPLIST_FILE = ToDoFirebase/Info.plist;
				INFOPLIST_KEY_UIApplicationSupportsIndirectInputEvents = YES;
				INFOPLIST_KEY_UILaunchStoryboardName = LaunchScreen;
				INFOPLIST_KEY_UIMainStoryboardFile = Main;
				INFOPLIST_KEY_UISupportedInterfaceOrientations_iPad = "UIInterfaceOrientationPortrait UIInterfaceOrientationPortraitUpsideDown UIInterfaceOrientationLandscapeLeft UIInterfaceOrientationLandscapeRight";
				INFOPLIST_KEY_UISupportedInterfaceOrientations_iPhone = "UIInterfaceOrientationPortrait UIInterfaceOrientationLandscapeLeft UIInterfaceOrientationLandscapeRight";
				LD_RUNPATH_SEARCH_PATHS = (
					"$(inherited)",
					"@executable_path/Frameworks",
				);
				MARKETING_VERSION = 1.0;
				PRODUCT_BUNDLE_IDENTIFIER = com.androsenkoartem.ToDoFirebase;
				PRODUCT_NAME = "$(TARGET_NAME)";
				SWIFT_EMIT_LOC_STRINGS = YES;
				SWIFT_VERSION = 5.0;
				TARGETED_DEVICE_FAMILY = 1;
			};
			name = Release;
		};
/* End XCBuildConfiguration section */

/* Begin XCConfigurationList section */
		DDA082C6299E38A700B5568F /* Build configuration list for PBXProject "ToDoFirebase" */ = {
			isa = XCConfigurationList;
			buildConfigurations = (
				DDA082DD299E38A800B5568F /* Debug */,
				DDA082DE299E38A800B5568F /* Release */,
			);
			defaultConfigurationIsVisible = 0;
			defaultConfigurationName = Release;
		};
		DDA082DF299E38A800B5568F /* Build configuration list for PBXNativeTarget "ToDoFirebase" */ = {
			isa = XCConfigurationList;
			buildConfigurations = (
				DDA082E0299E38A800B5568F /* Debug */,
				DDA082E1299E38A800B5568F /* Release */,
			);
			defaultConfigurationIsVisible = 0;
			defaultConfigurationName = Release;
		};
/* End XCConfigurationList section */

/* Begin XCRemoteSwiftPackageReference section */
		DDED1A2029A0098F003986A7 /* XCRemoteSwiftPackageReference "firebase-ios-sdk" */ = {
			isa = XCRemoteSwiftPackageReference;
			repositoryURL = "https://github.com/firebase/firebase-ios-sdk";
			requirement = {
				kind = upToNextMajorVersion;
				minimumVersion = 9.0.0;
			};
		};
/* End XCRemoteSwiftPackageReference section */

/* Begin XCSwiftPackageProductDependency section */
		DDED1A2129A0098F003986A7 /* FirebaseAuth */ = {
			isa = XCSwiftPackageProductDependency;
			package = DDED1A2029A0098F003986A7 /* XCRemoteSwiftPackageReference "firebase-ios-sdk" */;
			productName = FirebaseAuth;
		};
		DDED1A2329A0098F003986A7 /* FirebaseDatabase */ = {
			isa = XCSwiftPackageProductDependency;
			package = DDED1A2029A0098F003986A7 /* XCRemoteSwiftPackageReference "firebase-ios-sdk" */;
			productName = FirebaseDatabase;
		};
		DDED1A2529A0098F003986A7 /* FirebaseDatabaseSwift */ = {
			isa = XCSwiftPackageProductDependency;
			package = DDED1A2029A0098F003986A7 /* XCRemoteSwiftPackageReference "firebase-ios-sdk" */;
			productName = FirebaseDatabaseSwift;
		};
		DDED1A2729A0098F003986A7 /* FirebaseStorage */ = {
			isa = XCSwiftPackageProductDependency;
			package = DDED1A2029A0098F003986A7 /* XCRemoteSwiftPackageReference "firebase-ios-sdk" */;
			productName = FirebaseStorage;
		};
/* End XCSwiftPackageProductDependency section */
	};
	rootObject = DDA082C3299E38A700B5568F /* Project object */;
}
