// !$*UTF8*$!
{
	archiveVersion = 1;
	classes = {
	};
	objectVersion = 55;
	objects = {

/* Begin PBXBuildFile section */
		DDB6CC1429C1B67900BAE503 /* CommentCell.swift in Sources */ = {isa = PBXBuildFile; fileRef = DDB6CC1329C1B67900BAE503 /* CommentCell.swift */; };
		DDB6CC1629C1BC5400BAE503 /* Comment.swift in Sources */ = {isa = PBXBuildFile; fileRef = DDB6CC1529C1BC5400BAE503 /* Comment.swift */; };
		DDFFA19529C0E394008973EF /* AppDelegate.swift in Sources */ = {isa = PBXBuildFile; fileRef = DDFFA19429C0E394008973EF /* AppDelegate.swift */; };
		DDFFA19729C0E394008973EF /* SceneDelegate.swift in Sources */ = {isa = PBXBuildFile; fileRef = DDFFA19629C0E394008973EF /* SceneDelegate.swift */; };
		DDFFA19929C0E394008973EF /* CommentsViewController.swift in Sources */ = {isa = PBXBuildFile; fileRef = DDFFA19829C0E394008973EF /* CommentsViewController.swift */; };
		DDFFA19C29C0E394008973EF /* Comments.storyboard in Resources */ = {isa = PBXBuildFile; fileRef = DDFFA19A29C0E394008973EF /* Comments.storyboard */; };
		DDFFA19E29C0E395008973EF /* Assets.xcassets in Resources */ = {isa = PBXBuildFile; fileRef = DDFFA19D29C0E395008973EF /* Assets.xcassets */; };
		DDFFA1A129C0E395008973EF /* LaunchScreen.storyboard in Resources */ = {isa = PBXBuildFile; fileRef = DDFFA19F29C0E395008973EF /* LaunchScreen.storyboard */; };
/* End PBXBuildFile section */

/* Begin PBXFileReference section */
		DDB6CC1329C1B67900BAE503 /* CommentCell.swift */ = {isa = PBXFileReference; lastKnownFileType = sourcecode.swift; path = CommentCell.swift; sourceTree = "<group>"; };
		DDB6CC1529C1BC5400BAE503 /* Comment.swift */ = {isa = PBXFileReference; lastKnownFileType = sourcecode.swift; path = Comment.swift; sourceTree = "<group>"; };
		DDFFA19129C0E394008973EF /* MVC-Networking.app */ = {isa = PBXFileReference; explicitFileType = wrapper.application; includeInIndex = 0; path = "MVC-Networking.app"; sourceTree = BUILT_PRODUCTS_DIR; };
		DDFFA19429C0E394008973EF /* AppDelegate.swift */ = {isa = PBXFileReference; lastKnownFileType = sourcecode.swift; path = AppDelegate.swift; sourceTree = "<group>"; };
		DDFFA19629C0E394008973EF /* SceneDelegate.swift */ = {isa = PBXFileReference; lastKnownFileType = sourcecode.swift; path = SceneDelegate.swift; sourceTree = "<group>"; };
		DDFFA19829C0E394008973EF /* CommentsViewController.swift */ = {isa = PBXFileReference; lastKnownFileType = sourcecode.swift; path = CommentsViewController.swift; sourceTree = "<group>"; };
		DDFFA19B29C0E394008973EF /* Base */ = {isa = PBXFileReference; lastKnownFileType = file.storyboard; name = Base; path = Base.lproj/Comments.storyboard; sourceTree = "<group>"; };
		DDFFA19D29C0E395008973EF /* Assets.xcassets */ = {isa = PBXFileReference; lastKnownFileType = folder.assetcatalog; path = Assets.xcassets; sourceTree = "<group>"; };
		DDFFA1A029C0E395008973EF /* Base */ = {isa = PBXFileReference; lastKnownFileType = file.storyboard; name = Base; path = Base.lproj/LaunchScreen.storyboard; sourceTree = "<group>"; };
		DDFFA1A229C0E395008973EF /* Info.plist */ = {isa = PBXFileReference; lastKnownFileType = text.plist.xml; path = Info.plist; sourceTree = "<group>"; };
/* End PBXFileReference section */

/* Begin PBXFrameworksBuildPhase section */
		DDFFA18E29C0E394008973EF /* Frameworks */ = {
			isa = PBXFrameworksBuildPhase;
			buildActionMask = 2147483647;
			files = (
			);
			runOnlyForDeploymentPostprocessing = 0;
		};
/* End PBXFrameworksBuildPhase section */

/* Begin PBXGroup section */
		DDFFA18829C0E394008973EF = {
			isa = PBXGroup;
			children = (
				DDFFA19329C0E394008973EF /* MVC-Networking */,
				DDFFA19229C0E394008973EF /* Products */,
			);
			sourceTree = "<group>";
		};
		DDFFA19229C0E394008973EF /* Products */ = {
			isa = PBXGroup;
			children = (
				DDFFA19129C0E394008973EF /* MVC-Networking.app */,
			);
			name = Products;
			sourceTree = "<group>";
		};
		DDFFA19329C0E394008973EF /* MVC-Networking */ = {
			isa = PBXGroup;
			children = (
				DDFFA1A829C0E44E008973EF /* Application */,
				DDFFA1A929C0E456008973EF /* Comments */,
				DDFFA1B029C0E4C9008973EF /* Supporting files */,
				DDFFA1A229C0E395008973EF /* Info.plist */,
			);
			path = "MVC-Networking";
			sourceTree = "<group>";
		};
		DDFFA1A829C0E44E008973EF /* Application */ = {
			isa = PBXGroup;
			children = (
				DDFFA1AA29C0E46D008973EF /* Model */,
				DDFFA1AB29C0E473008973EF /* View */,
				DDFFA1AC29C0E482008973EF /* Controller */,
			);
			path = Application;
			sourceTree = "<group>";
		};
		DDFFA1A929C0E456008973EF /* Comments */ = {
			isa = PBXGroup;
			children = (
				DDFFA1AD29C0E4A6008973EF /* Model */,
				DDFFA1AF29C0E4BF008973EF /* View */,
				DDFFA1AE29C0E4B3008973EF /* Controller */,
			);
			path = Comments;
			sourceTree = "<group>";
		};
		DDFFA1AA29C0E46D008973EF /* Model */ = {
			isa = PBXGroup;
			children = (
			);
			path = Model;
			sourceTree = "<group>";
		};
		DDFFA1AB29C0E473008973EF /* View */ = {
			isa = PBXGroup;
			children = (
				DDFFA19F29C0E395008973EF /* LaunchScreen.storyboard */,
			);
			path = View;
			sourceTree = "<group>";
		};
		DDFFA1AC29C0E482008973EF /* Controller */ = {
			isa = PBXGroup;
			children = (
				DDFFA19429C0E394008973EF /* AppDelegate.swift */,
				DDFFA19629C0E394008973EF /* SceneDelegate.swift */,
			);
			path = Controller;
			sourceTree = "<group>";
		};
		DDFFA1AD29C0E4A6008973EF /* Model */ = {
			isa = PBXGroup;
			children = (
				DDB6CC1529C1BC5400BAE503 /* Comment.swift */,
			);
			path = Model;
			sourceTree = "<group>";
		};
		DDFFA1AE29C0E4B3008973EF /* Controller */ = {
			isa = PBXGroup;
			children = (
				DDFFA19829C0E394008973EF /* CommentsViewController.swift */,
			);
			path = Controller;
			sourceTree = "<group>";
		};
		DDFFA1AF29C0E4BF008973EF /* View */ = {
			isa = PBXGroup;
			children = (
				DDFFA19A29C0E394008973EF /* Comments.storyboard */,
				DDB6CC1329C1B67900BAE503 /* CommentCell.swift */,
			);
			path = View;
			sourceTree = "<group>";
		};
		DDFFA1B029C0E4C9008973EF /* Supporting files */ = {
			isa = PBXGroup;
			children = (
				DDFFA19D29C0E395008973EF /* Assets.xcassets */,
			);
			path = "Supporting files";
			sourceTree = "<group>";
		};
/* End PBXGroup section */

/* Begin PBXNativeTarget section */
		DDFFA19029C0E394008973EF /* MVC-Networking */ = {
			isa = PBXNativeTarget;
			buildConfigurationList = DDFFA1A529C0E395008973EF /* Build configuration list for PBXNativeTarget "MVC-Networking" */;
			buildPhases = (
				DDFFA18D29C0E394008973EF /* Sources */,
				DDFFA18E29C0E394008973EF /* Frameworks */,
				DDFFA18F29C0E394008973EF /* Resources */,
			);
			buildRules = (
			);
			dependencies = (
			);
			name = "MVC-Networking";
			productName = "MVC-Networking";
			productReference = DDFFA19129C0E394008973EF /* MVC-Networking.app */;
			productType = "com.apple.product-type.application";
		};
/* End PBXNativeTarget section */

/* Begin PBXProject section */
		DDFFA18929C0E394008973EF /* Project object */ = {
			isa = PBXProject;
			attributes = {
				BuildIndependentTargetsInParallel = 1;
				LastSwiftUpdateCheck = 1330;
				LastUpgradeCheck = 1330;
				TargetAttributes = {
					DDFFA19029C0E394008973EF = {
						CreatedOnToolsVersion = 13.3;
					};
				};
			};
			buildConfigurationList = DDFFA18C29C0E394008973EF /* Build configuration list for PBXProject "MVC-Networking" */;
			compatibilityVersion = "Xcode 13.0";
			developmentRegion = en;
			hasScannedForEncodings = 0;
			knownRegions = (
				en,
				Base,
			);
			mainGroup = DDFFA18829C0E394008973EF;
			productRefGroup = DDFFA19229C0E394008973EF /* Products */;
			projectDirPath = "";
			projectRoot = "";
			targets = (
				DDFFA19029C0E394008973EF /* MVC-Networking */,
			);
		};
/* End PBXProject section */

/* Begin PBXResourcesBuildPhase section */
		DDFFA18F29C0E394008973EF /* Resources */ = {
			isa = PBXResourcesBuildPhase;
			buildActionMask = 2147483647;
			files = (
				DDFFA1A129C0E395008973EF /* LaunchScreen.storyboard in Resources */,
				DDFFA19E29C0E395008973EF /* Assets.xcassets in Resources */,
				DDFFA19C29C0E394008973EF /* Comments.storyboard in Resources */,
			);
			runOnlyForDeploymentPostprocessing = 0;
		};
/* End PBXResourcesBuildPhase section */

/* Begin PBXSourcesBuildPhase section */
		DDFFA18D29C0E394008973EF /* Sources */ = {
			isa = PBXSourcesBuildPhase;
			buildActionMask = 2147483647;
			files = (
				DDB6CC1629C1BC5400BAE503 /* Comment.swift in Sources */,
				DDFFA19929C0E394008973EF /* CommentsViewController.swift in Sources */,
				DDFFA19529C0E394008973EF /* AppDelegate.swift in Sources */,
				DDFFA19729C0E394008973EF /* SceneDelegate.swift in Sources */,
				DDB6CC1429C1B67900BAE503 /* CommentCell.swift in Sources */,
			);
			runOnlyForDeploymentPostprocessing = 0;
		};
/* End PBXSourcesBuildPhase section */

/* Begin PBXVariantGroup section */
		DDFFA19A29C0E394008973EF /* Comments.storyboard */ = {
			isa = PBXVariantGroup;
			children = (
				DDFFA19B29C0E394008973EF /* Base */,
			);
			name = Comments.storyboard;
			sourceTree = "<group>";
		};
		DDFFA19F29C0E395008973EF /* LaunchScreen.storyboard */ = {
			isa = PBXVariantGroup;
			children = (
				DDFFA1A029C0E395008973EF /* Base */,
			);
			name = LaunchScreen.storyboard;
			sourceTree = "<group>";
		};
/* End PBXVariantGroup section */

/* Begin XCBuildConfiguration section */
		DDFFA1A329C0E395008973EF /* Debug */ = {
			isa = XCBuildConfiguration;
			buildSettings = {
				ALWAYS_SEARCH_USER_PATHS = NO;
				CLANG_ANALYZER_NONNULL = YES;
				CLANG_ANALYZER_NUMBER_OBJECT_CONVERSION = YES_AGGRESSIVE;
				CLANG_CXX_LANGUAGE_STANDARD = "gnu++17";
				CLANG_ENABLE_MODULES = YES;
				CLANG_ENABLE_OBJC_ARC = YES;
				CLANG_ENABLE_OBJC_WEAK = YES;
				CLANG_WARN_BLOCK_CAPTURE_AUTORELEASING = YES;
				CLANG_WARN_BOOL_CONVERSION = YES;
				CLANG_WARN_COMMA = YES;
				CLANG_WARN_CONSTANT_CONVERSION = YES;
				CLANG_WARN_DEPRECATED_OBJC_IMPLEMENTATIONS = YES;
				CLANG_WARN_DIRECT_OBJC_ISA_USAGE = YES_ERROR;
				CLANG_WARN_DOCUMENTATION_COMMENTS = YES;
				CLANG_WARN_EMPTY_BODY = YES;
				CLANG_WARN_ENUM_CONVERSION = YES;
				CLANG_WARN_INFINITE_RECURSION = YES;
				CLANG_WARN_INT_CONVERSION = YES;
				CLANG_WARN_NON_LITERAL_NULL_CONVERSION = YES;
				CLANG_WARN_OBJC_IMPLICIT_RETAIN_SELF = YES;
				CLANG_WARN_OBJC_LITERAL_CONVERSION = YES;
				CLANG_WARN_OBJC_ROOT_CLASS = YES_ERROR;
				CLANG_WARN_QUOTED_INCLUDE_IN_FRAMEWORK_HEADER = YES;
				CLANG_WARN_RANGE_LOOP_ANALYSIS = YES;
				CLANG_WARN_STRICT_PROTOTYPES = YES;
				CLANG_WARN_SUSPICIOUS_MOVE = YES;
				CLANG_WARN_UNGUARDED_AVAILABILITY = YES_AGGRESSIVE;
				CLANG_WARN_UNREACHABLE_CODE = YES;
				CLANG_WARN__DUPLICATE_METHOD_MATCH = YES;
				COPY_PHASE_STRIP = NO;
				DEBUG_INFORMATION_FORMAT = dwarf;
				ENABLE_STRICT_OBJC_MSGSEND = YES;
				ENABLE_TESTABILITY = YES;
				GCC_C_LANGUAGE_STANDARD = gnu11;
				GCC_DYNAMIC_NO_PIC = NO;
				GCC_NO_COMMON_BLOCKS = YES;
				GCC_OPTIMIZATION_LEVEL = 0;
				GCC_PREPROCESSOR_DEFINITIONS = (
					"DEBUG=1",
					"$(inherited)",
				);
				GCC_WARN_64_TO_32_BIT_CONVERSION = YES;
				GCC_WARN_ABOUT_RETURN_TYPE = YES_ERROR;
				GCC_WARN_UNDECLARED_SELECTOR = YES;
				GCC_WARN_UNINITIALIZED_AUTOS = YES_AGGRESSIVE;
				GCC_WARN_UNUSED_FUNCTION = YES;
				GCC_WARN_UNUSED_VARIABLE = YES;
				IPHONEOS_DEPLOYMENT_TARGET = 15.4;
				MTL_ENABLE_DEBUG_INFO = INCLUDE_SOURCE;
				MTL_FAST_MATH = YES;
				ONLY_ACTIVE_ARCH = YES;
				SDKROOT = iphoneos;
				SWIFT_ACTIVE_COMPILATION_CONDITIONS = DEBUG;
				SWIFT_OPTIMIZATION_LEVEL = "-Onone";
			};
			name = Debug;
		};
		DDFFA1A429C0E395008973EF /* Release */ = {
			isa = XCBuildConfiguration;
			buildSettings = {
				ALWAYS_SEARCH_USER_PATHS = NO;
				CLANG_ANALYZER_NONNULL = YES;
				CLANG_ANALYZER_NUMBER_OBJECT_CONVERSION = YES_AGGRESSIVE;
				CLANG_CXX_LANGUAGE_STANDARD = "gnu++17";
				CLANG_ENABLE_MODULES = YES;
				CLANG_ENABLE_OBJC_ARC = YES;
				CLANG_ENABLE_OBJC_WEAK = YES;
				CLANG_WARN_BLOCK_CAPTURE_AUTORELEASING = YES;
				CLANG_WARN_BOOL_CONVERSION = YES;
				CLANG_WARN_COMMA = YES;
				CLANG_WARN_CONSTANT_CONVERSION = YES;
				CLANG_WARN_DEPRECATED_OBJC_IMPLEMENTATIONS = YES;
				CLANG_WARN_DIRECT_OBJC_ISA_USAGE = YES_ERROR;
				CLANG_WARN_DOCUMENTATION_COMMENTS = YES;
				CLANG_WARN_EMPTY_BODY = YES;
				CLANG_WARN_ENUM_CONVERSION = YES;
				CLANG_WARN_INFINITE_RECURSION = YES;
				CLANG_WARN_INT_CONVERSION = YES;
				CLANG_WARN_NON_LITERAL_NULL_CONVERSION = YES;
				CLANG_WARN_OBJC_IMPLICIT_RETAIN_SELF = YES;
				CLANG_WARN_OBJC_LITERAL_CONVERSION = YES;
				CLANG_WARN_OBJC_ROOT_CLASS = YES_ERROR;
				CLANG_WARN_QUOTED_INCLUDE_IN_FRAMEWORK_HEADER = YES;
				CLANG_WARN_RANGE_LOOP_ANALYSIS = YES;
				CLANG_WARN_STRICT_PROTOTYPES = YES;
				CLANG_WARN_SUSPICIOUS_MOVE = YES;
				CLANG_WARN_UNGUARDED_AVAILABILITY = YES_AGGRESSIVE;
				CLANG_WARN_UNREACHABLE_CODE = YES;
				CLANG_WARN__DUPLICATE_METHOD_MATCH = YES;
				COPY_PHASE_STRIP = NO;
				DEBUG_INFORMATION_FORMAT = "dwarf-with-dsym";
				ENABLE_NS_ASSERTIONS = NO;
				ENABLE_STRICT_OBJC_MSGSEND = YES;
				GCC_C_LANGUAGE_STANDARD = gnu11;
				GCC_NO_COMMON_BLOCKS = YES;
				GCC_WARN_64_TO_32_BIT_CONVERSION = YES;
				GCC_WARN_ABOUT_RETURN_TYPE = YES_ERROR;
				GCC_WARN_UNDECLARED_SELECTOR = YES;
				GCC_WARN_UNINITIALIZED_AUTOS = YES_AGGRESSIVE;
				GCC_WARN_UNUSED_FUNCTION = YES;
				GCC_WARN_UNUSED_VARIABLE = YES;
				IPHONEOS_DEPLOYMENT_TARGET = 15.4;
				MTL_ENABLE_DEBUG_INFO = NO;
				MTL_FAST_MATH = YES;
				SDKROOT = iphoneos;
				SWIFT_COMPILATION_MODE = wholemodule;
				SWIFT_OPTIMIZATION_LEVEL = "-O";
				VALIDATE_PRODUCT = YES;
			};
			name = Release;
		};
		DDFFA1A629C0E395008973EF /* Debug */ = {
			isa = XCBuildConfiguration;
			buildSettings = {
				ASSETCATALOG_COMPILER_APPICON_NAME = AppIcon;
				ASSETCATALOG_COMPILER_GLOBAL_ACCENT_COLOR_NAME = AccentColor;
				CODE_SIGN_STYLE = Automatic;
				CURRENT_PROJECT_VERSION = 1;
				DEVELOPMENT_TEAM = F5T2KNU2K8;
				GENERATE_INFOPLIST_FILE = YES;
				INFOPLIST_FILE = "MVC-Networking/Info.plist";
				INFOPLIST_KEY_UIApplicationSupportsIndirectInputEvents = YES;
				INFOPLIST_KEY_UILaunchStoryboardName = LaunchScreen;
				INFOPLIST_KEY_UIMainStoryboardFile = Comments;
				INFOPLIST_KEY_UISupportedInterfaceOrientations_iPad = "UIInterfaceOrientationPortrait UIInterfaceOrientationPortraitUpsideDown UIInterfaceOrientationLandscapeLeft UIInterfaceOrientationLandscapeRight";
				INFOPLIST_KEY_UISupportedInterfaceOrientations_iPhone = "UIInterfaceOrientationPortrait UIInterfaceOrientationLandscapeLeft UIInterfaceOrientationLandscapeRight";
				LD_RUNPATH_SEARCH_PATHS = (
					"$(inherited)",
					"@executable_path/Frameworks",
				);
				MARKETING_VERSION = 1.0;
				PRODUCT_BUNDLE_IDENTIFIER = "com.androsenkoartem.MVC-Networking";
				PRODUCT_NAME = "$(TARGET_NAME)";
				SWIFT_EMIT_LOC_STRINGS = YES;
				SWIFT_VERSION = 5.0;
				TARGETED_DEVICE_FAMILY = "1,2";
			};
			name = Debug;
		};
		DDFFA1A729C0E395008973EF /* Release */ = {
			isa = XCBuildConfiguration;
			buildSettings = {
				ASSETCATALOG_COMPILER_APPICON_NAME = AppIcon;
				ASSETCATALOG_COMPILER_GLOBAL_ACCENT_COLOR_NAME = AccentColor;
				CODE_SIGN_STYLE = Automatic;
				CURRENT_PROJECT_VERSION = 1;
				DEVELOPMENT_TEAM = F5T2KNU2K8;
				GENERATE_INFOPLIST_FILE = YES;
				INFOPLIST_FILE = "MVC-Networking/Info.plist";
				INFOPLIST_KEY_UIApplicationSupportsIndirectInputEvents = YES;
				INFOPLIST_KEY_UILaunchStoryboardName = LaunchScreen;
				INFOPLIST_KEY_UIMainStoryboardFile = Comments;
				INFOPLIST_KEY_UISupportedInterfaceOrientations_iPad = "UIInterfaceOrientationPortrait UIInterfaceOrientationPortraitUpsideDown UIInterfaceOrientationLandscapeLeft UIInterfaceOrientationLandscapeRight";
				INFOPLIST_KEY_UISupportedInterfaceOrientations_iPhone = "UIInterfaceOrientationPortrait UIInterfaceOrientationLandscapeLeft UIInterfaceOrientationLandscapeRight";
				LD_RUNPATH_SEARCH_PATHS = (
					"$(inherited)",
					"@executable_path/Frameworks",
				);
				MARKETING_VERSION = 1.0;
				PRODUCT_BUNDLE_IDENTIFIER = "com.androsenkoartem.MVC-Networking";
				PRODUCT_NAME = "$(TARGET_NAME)";
				SWIFT_EMIT_LOC_STRINGS = YES;
				SWIFT_VERSION = 5.0;
				TARGETED_DEVICE_FAMILY = "1,2";
			};
			name = Release;
		};
/* End XCBuildConfiguration section */

/* Begin XCConfigurationList section */
		DDFFA18C29C0E394008973EF /* Build configuration list for PBXProject "MVC-Networking" */ = {
			isa = XCConfigurationList;
			buildConfigurations = (
				DDFFA1A329C0E395008973EF /* Debug */,
				DDFFA1A429C0E395008973EF /* Release */,
			);
			defaultConfigurationIsVisible = 0;
			defaultConfigurationName = Release;
		};
		DDFFA1A529C0E395008973EF /* Build configuration list for PBXNativeTarget "MVC-Networking" */ = {
			isa = XCConfigurationList;
			buildConfigurations = (
				DDFFA1A629C0E395008973EF /* Debug */,
				DDFFA1A729C0E395008973EF /* Release */,
			);
			defaultConfigurationIsVisible = 0;
			defaultConfigurationName = Release;
		};
/* End XCConfigurationList section */
	};
	rootObject = DDFFA18929C0E394008973EF /* Project object */;
}
