// !$*UTF8*$!
{
	archiveVersion = 1;
	classes = {
	};
	objectVersion = 55;
	objects = {

/* Begin PBXBuildFile section */
		DD2C85FC29C5BAC800993AB8 /* TableViewCell.swift in Sources */ = {isa = PBXBuildFile; fileRef = DD2C85FB29C5BAC800993AB8 /* TableViewCell.swift */; };
		DD412E3129C5AE770050346D /* AppDelegate.swift in Sources */ = {isa = PBXBuildFile; fileRef = DD412E3029C5AE770050346D /* AppDelegate.swift */; };
		DD412E3329C5AE770050346D /* SceneDelegate.swift in Sources */ = {isa = PBXBuildFile; fileRef = DD412E3229C5AE770050346D /* SceneDelegate.swift */; };
		DD412E3829C5AE770050346D /* Main.storyboard in Resources */ = {isa = PBXBuildFile; fileRef = DD412E3629C5AE770050346D /* Main.storyboard */; };
		DD412E3A29C5AE7A0050346D /* Assets.xcassets in Resources */ = {isa = PBXBuildFile; fileRef = DD412E3929C5AE7A0050346D /* Assets.xcassets */; };
		DD412E3D29C5AE7A0050346D /* LaunchScreen.storyboard in Resources */ = {isa = PBXBuildFile; fileRef = DD412E3B29C5AE7A0050346D /* LaunchScreen.storyboard */; };
		DD412E4529C5AFAF0050346D /* TableViewController.swift in Sources */ = {isa = PBXBuildFile; fileRef = DD412E4429C5AFAF0050346D /* TableViewController.swift */; };
		DD412E4729C5B2820050346D /* Profile.swift in Sources */ = {isa = PBXBuildFile; fileRef = DD412E4629C5B2820050346D /* Profile.swift */; };
/* End PBXBuildFile section */

/* Begin PBXFileReference section */
		DD2C85FB29C5BAC800993AB8 /* TableViewCell.swift */ = {isa = PBXFileReference; lastKnownFileType = sourcecode.swift; path = TableViewCell.swift; sourceTree = "<group>"; };
		DD412E2D29C5AE770050346D /* MVVM-TableVIew.app */ = {isa = PBXFileReference; explicitFileType = wrapper.application; includeInIndex = 0; path = "MVVM-TableVIew.app"; sourceTree = BUILT_PRODUCTS_DIR; };
		DD412E3029C5AE770050346D /* AppDelegate.swift */ = {isa = PBXFileReference; lastKnownFileType = sourcecode.swift; path = AppDelegate.swift; sourceTree = "<group>"; };
		DD412E3229C5AE770050346D /* SceneDelegate.swift */ = {isa = PBXFileReference; lastKnownFileType = sourcecode.swift; path = SceneDelegate.swift; sourceTree = "<group>"; };
		DD412E3729C5AE770050346D /* Base */ = {isa = PBXFileReference; lastKnownFileType = file.storyboard; name = Base; path = Base.lproj/Main.storyboard; sourceTree = "<group>"; };
		DD412E3929C5AE7A0050346D /* Assets.xcassets */ = {isa = PBXFileReference; lastKnownFileType = folder.assetcatalog; path = Assets.xcassets; sourceTree = "<group>"; };
		DD412E3C29C5AE7A0050346D /* Base */ = {isa = PBXFileReference; lastKnownFileType = file.storyboard; name = Base; path = Base.lproj/LaunchScreen.storyboard; sourceTree = "<group>"; };
		DD412E3E29C5AE7A0050346D /* Info.plist */ = {isa = PBXFileReference; lastKnownFileType = text.plist.xml; path = Info.plist; sourceTree = "<group>"; };
		DD412E4429C5AFAF0050346D /* TableViewController.swift */ = {isa = PBXFileReference; lastKnownFileType = sourcecode.swift; path = TableViewController.swift; sourceTree = "<group>"; };
		DD412E4629C5B2820050346D /* Profile.swift */ = {isa = PBXFileReference; lastKnownFileType = sourcecode.swift; path = Profile.swift; sourceTree = "<group>"; };
/* End PBXFileReference section */

/* Begin PBXFrameworksBuildPhase section */
		DD412E2A29C5AE770050346D /* Frameworks */ = {
			isa = PBXFrameworksBuildPhase;
			buildActionMask = 2147483647;
			files = (
			);
			runOnlyForDeploymentPostprocessing = 0;
		};
/* End PBXFrameworksBuildPhase section */

/* Begin PBXGroup section */
		DD2C85FD29C5BC5000993AB8 /* Model */ = {
			isa = PBXGroup;
			children = (
				DD412E4629C5B2820050346D /* Profile.swift */,
			);
			path = Model;
			sourceTree = "<group>";
		};
		DD2C85FE29C5BC5700993AB8 /* View */ = {
			isa = PBXGroup;
			children = (
				DD2C85FB29C5BAC800993AB8 /* TableViewCell.swift */,
			);
			path = View;
			sourceTree = "<group>";
		};
		DD412E2429C5AE770050346D = {
			isa = PBXGroup;
			children = (
				DD412E2F29C5AE770050346D /* MVVM-TableVIew */,
				DD412E2E29C5AE770050346D /* Products */,
			);
			sourceTree = "<group>";
		};
		DD412E2E29C5AE770050346D /* Products */ = {
			isa = PBXGroup;
			children = (
				DD412E2D29C5AE770050346D /* MVVM-TableVIew.app */,
			);
			name = Products;
			sourceTree = "<group>";
		};
		DD412E2F29C5AE770050346D /* MVVM-TableVIew */ = {
			isa = PBXGroup;
			children = (
				DD412E3029C5AE770050346D /* AppDelegate.swift */,
				DD412E3229C5AE770050346D /* SceneDelegate.swift */,
				DD412E4429C5AFAF0050346D /* TableViewController.swift */,
				DD2C85FE29C5BC5700993AB8 /* View */,
				DD2C85FD29C5BC5000993AB8 /* Model */,
				DD412E3629C5AE770050346D /* Main.storyboard */,
				DD412E3929C5AE7A0050346D /* Assets.xcassets */,
				DD412E3B29C5AE7A0050346D /* LaunchScreen.storyboard */,
				DD412E3E29C5AE7A0050346D /* Info.plist */,
			);
			path = "MVVM-TableVIew";
			sourceTree = "<group>";
		};
/* End PBXGroup section */

/* Begin PBXNativeTarget section */
		DD412E2C29C5AE770050346D /* MVVM-TableVIew */ = {
			isa = PBXNativeTarget;
			buildConfigurationList = DD412E4129C5AE7A0050346D /* Build configuration list for PBXNativeTarget "MVVM-TableVIew" */;
			buildPhases = (
				DD412E2929C5AE770050346D /* Sources */,
				DD412E2A29C5AE770050346D /* Frameworks */,
				DD412E2B29C5AE770050346D /* Resources */,
			);
			buildRules = (
			);
			dependencies = (
			);
			name = "MVVM-TableVIew";
			productName = "MVVM-TableVIew";
			productReference = DD412E2D29C5AE770050346D /* MVVM-TableVIew.app */;
			productType = "com.apple.product-type.application";
		};
/* End PBXNativeTarget section */

/* Begin PBXProject section */
		DD412E2529C5AE770050346D /* Project object */ = {
			isa = PBXProject;
			attributes = {
				BuildIndependentTargetsInParallel = 1;
				LastSwiftUpdateCheck = 1330;
				LastUpgradeCheck = 1330;
				TargetAttributes = {
					DD412E2C29C5AE770050346D = {
						CreatedOnToolsVersion = 13.3;
					};
				};
			};
			buildConfigurationList = DD412E2829C5AE770050346D /* Build configuration list for PBXProject "MVVM-TableVIew" */;
			compatibilityVersion = "Xcode 13.0";
			developmentRegion = en;
			hasScannedForEncodings = 0;
			knownRegions = (
				en,
				Base,
			);
			mainGroup = DD412E2429C5AE770050346D;
			productRefGroup = DD412E2E29C5AE770050346D /* Products */;
			projectDirPath = "";
			projectRoot = "";
			targets = (
				DD412E2C29C5AE770050346D /* MVVM-TableVIew */,
			);
		};
/* End PBXProject section */

/* Begin PBXResourcesBuildPhase section */
		DD412E2B29C5AE770050346D /* Resources */ = {
			isa = PBXResourcesBuildPhase;
			buildActionMask = 2147483647;
			files = (
				DD412E3D29C5AE7A0050346D /* LaunchScreen.storyboard in Resources */,
				DD412E3A29C5AE7A0050346D /* Assets.xcassets in Resources */,
				DD412E3829C5AE770050346D /* Main.storyboard in Resources */,
			);
			runOnlyForDeploymentPostprocessing = 0;
		};
/* End PBXResourcesBuildPhase section */

/* Begin PBXSourcesBuildPhase section */
		DD412E2929C5AE770050346D /* Sources */ = {
			isa = PBXSourcesBuildPhase;
			buildActionMask = 2147483647;
			files = (
				DD2C85FC29C5BAC800993AB8 /* TableViewCell.swift in Sources */,
				DD412E3129C5AE770050346D /* AppDelegate.swift in Sources */,
				DD412E4729C5B2820050346D /* Profile.swift in Sources */,
				DD412E4529C5AFAF0050346D /* TableViewController.swift in Sources */,
				DD412E3329C5AE770050346D /* SceneDelegate.swift in Sources */,
			);
			runOnlyForDeploymentPostprocessing = 0;
		};
/* End PBXSourcesBuildPhase section */

/* Begin PBXVariantGroup section */
		DD412E3629C5AE770050346D /* Main.storyboard */ = {
			isa = PBXVariantGroup;
			children = (
				DD412E3729C5AE770050346D /* Base */,
			);
			name = Main.storyboard;
			sourceTree = "<group>";
		};
		DD412E3B29C5AE7A0050346D /* LaunchScreen.storyboard */ = {
			isa = PBXVariantGroup;
			children = (
				DD412E3C29C5AE7A0050346D /* Base */,
			);
			name = LaunchScreen.storyboard;
			sourceTree = "<group>";
		};
/* End PBXVariantGroup section */

/* Begin XCBuildConfiguration section */
		DD412E3F29C5AE7A0050346D /* Debug */ = {
			isa = XCBuildConfiguration;
			buildSettings = {
				ALWAYS_SEARCH_USER_PATHS = NO;
				CLANG_ANALYZER_NONNULL = YES;
				CLANG_ANALYZER_NUMBER_OBJECT_CONVERSION = YES_AGGRESSIVE;
				CLANG_CXX_LANGUAGE_STANDARD = "gnu++17";
				CLANG_ENABLE_MODULES = YES;
				CLANG_ENABLE_OBJC_ARC = YES;
				CLANG_ENABLE_OBJC_WEAK = YES;
				CLANG_WARN_BLOCK_CAPTURE_AUTORELEASING = YES;
				CLANG_WARN_BOOL_CONVERSION = YES;
				CLANG_WARN_COMMA = YES;
				CLANG_WARN_CONSTANT_CONVERSION = YES;
				CLANG_WARN_DEPRECATED_OBJC_IMPLEMENTATIONS = YES;
				CLANG_WARN_DIRECT_OBJC_ISA_USAGE = YES_ERROR;
				CLANG_WARN_DOCUMENTATION_COMMENTS = YES;
				CLANG_WARN_EMPTY_BODY = YES;
				CLANG_WARN_ENUM_CONVERSION = YES;
				CLANG_WARN_INFINITE_RECURSION = YES;
				CLANG_WARN_INT_CONVERSION = YES;
				CLANG_WARN_NON_LITERAL_NULL_CONVERSION = YES;
				CLANG_WARN_OBJC_IMPLICIT_RETAIN_SELF = YES;
				CLANG_WARN_OBJC_LITERAL_CONVERSION = YES;
				CLANG_WARN_OBJC_ROOT_CLASS = YES_ERROR;
				CLANG_WARN_QUOTED_INCLUDE_IN_FRAMEWORK_HEADER = YES;
				CLANG_WARN_RANGE_LOOP_ANALYSIS = YES;
				CLANG_WARN_STRICT_PROTOTYPES = YES;
				CLANG_WARN_SUSPICIOUS_MOVE = YES;
				CLANG_WARN_UNGUARDED_AVAILABILITY = YES_AGGRESSIVE;
				CLANG_WARN_UNREACHABLE_CODE = YES;
				CLANG_WARN__DUPLICATE_METHOD_MATCH = YES;
				COPY_PHASE_STRIP = NO;
				DEBUG_INFORMATION_FORMAT = dwarf;
				ENABLE_STRICT_OBJC_MSGSEND = YES;
				ENABLE_TESTABILITY = YES;
				GCC_C_LANGUAGE_STANDARD = gnu11;
				GCC_DYNAMIC_NO_PIC = NO;
				GCC_NO_COMMON_BLOCKS = YES;
				GCC_OPTIMIZATION_LEVEL = 0;
				GCC_PREPROCESSOR_DEFINITIONS = (
					"DEBUG=1",
					"$(inherited)",
				);
				GCC_WARN_64_TO_32_BIT_CONVERSION = YES;
				GCC_WARN_ABOUT_RETURN_TYPE = YES_ERROR;
				GCC_WARN_UNDECLARED_SELECTOR = YES;
				GCC_WARN_UNINITIALIZED_AUTOS = YES_AGGRESSIVE;
				GCC_WARN_UNUSED_FUNCTION = YES;
				GCC_WARN_UNUSED_VARIABLE = YES;
				IPHONEOS_DEPLOYMENT_TARGET = 15.4;
				MTL_ENABLE_DEBUG_INFO = INCLUDE_SOURCE;
				MTL_FAST_MATH = YES;
				ONLY_ACTIVE_ARCH = YES;
				SDKROOT = iphoneos;
				SWIFT_ACTIVE_COMPILATION_CONDITIONS = DEBUG;
				SWIFT_OPTIMIZATION_LEVEL = "-Onone";
			};
			name = Debug;
		};
		DD412E4029C5AE7A0050346D /* Release */ = {
			isa = XCBuildConfiguration;
			buildSettings = {
				ALWAYS_SEARCH_USER_PATHS = NO;
				CLANG_ANALYZER_NONNULL = YES;
				CLANG_ANALYZER_NUMBER_OBJECT_CONVERSION = YES_AGGRESSIVE;
				CLANG_CXX_LANGUAGE_STANDARD = "gnu++17";
				CLANG_ENABLE_MODULES = YES;
				CLANG_ENABLE_OBJC_ARC = YES;
				CLANG_ENABLE_OBJC_WEAK = YES;
				CLANG_WARN_BLOCK_CAPTURE_AUTORELEASING = YES;
				CLANG_WARN_BOOL_CONVERSION = YES;
				CLANG_WARN_COMMA = YES;
				CLANG_WARN_CONSTANT_CONVERSION = YES;
				CLANG_WARN_DEPRECATED_OBJC_IMPLEMENTATIONS = YES;
				CLANG_WARN_DIRECT_OBJC_ISA_USAGE = YES_ERROR;
				CLANG_WARN_DOCUMENTATION_COMMENTS = YES;
				CLANG_WARN_EMPTY_BODY = YES;
				CLANG_WARN_ENUM_CONVERSION = YES;
				CLANG_WARN_INFINITE_RECURSION = YES;
				CLANG_WARN_INT_CONVERSION = YES;
				CLANG_WARN_NON_LITERAL_NULL_CONVERSION = YES;
				CLANG_WARN_OBJC_IMPLICIT_RETAIN_SELF = YES;
				CLANG_WARN_OBJC_LITERAL_CONVERSION = YES;
				CLANG_WARN_OBJC_ROOT_CLASS = YES_ERROR;
				CLANG_WARN_QUOTED_INCLUDE_IN_FRAMEWORK_HEADER = YES;
				CLANG_WARN_RANGE_LOOP_ANALYSIS = YES;
				CLANG_WARN_STRICT_PROTOTYPES = YES;
				CLANG_WARN_SUSPICIOUS_MOVE = YES;
				CLANG_WARN_UNGUARDED_AVAILABILITY = YES_AGGRESSIVE;
				CLANG_WARN_UNREACHABLE_CODE = YES;
				CLANG_WARN__DUPLICATE_METHOD_MATCH = YES;
				COPY_PHASE_STRIP = NO;
				DEBUG_INFORMATION_FORMAT = "dwarf-with-dsym";
				ENABLE_NS_ASSERTIONS = NO;
				ENABLE_STRICT_OBJC_MSGSEND = YES;
				GCC_C_LANGUAGE_STANDARD = gnu11;
				GCC_NO_COMMON_BLOCKS = YES;
				GCC_WARN_64_TO_32_BIT_CONVERSION = YES;
				GCC_WARN_ABOUT_RETURN_TYPE = YES_ERROR;
				GCC_WARN_UNDECLARED_SELECTOR = YES;
				GCC_WARN_UNINITIALIZED_AUTOS = YES_AGGRESSIVE;
				GCC_WARN_UNUSED_FUNCTION = YES;
				GCC_WARN_UNUSED_VARIABLE = YES;
				IPHONEOS_DEPLOYMENT_TARGET = 15.4;
				MTL_ENABLE_DEBUG_INFO = NO;
				MTL_FAST_MATH = YES;
				SDKROOT = iphoneos;
				SWIFT_COMPILATION_MODE = wholemodule;
				SWIFT_OPTIMIZATION_LEVEL = "-O";
				VALIDATE_PRODUCT = YES;
			};
			name = Release;
		};
		DD412E4229C5AE7A0050346D /* Debug */ = {
			isa = XCBuildConfiguration;
			buildSettings = {
				ASSETCATALOG_COMPILER_APPICON_NAME = AppIcon;
				ASSETCATALOG_COMPILER_GLOBAL_ACCENT_COLOR_NAME = AccentColor;
				CODE_SIGN_STYLE = Automatic;
				CURRENT_PROJECT_VERSION = 1;
				DEVELOPMENT_TEAM = F5T2KNU2K8;
				GENERATE_INFOPLIST_FILE = YES;
				INFOPLIST_FILE = "MVVM-TableVIew/Info.plist";
				INFOPLIST_KEY_UIApplicationSupportsIndirectInputEvents = YES;
				INFOPLIST_KEY_UILaunchStoryboardName = LaunchScreen;
				INFOPLIST_KEY_UIMainStoryboardFile = Main;
				INFOPLIST_KEY_UISupportedInterfaceOrientations_iPad = "UIInterfaceOrientationPortrait UIInterfaceOrientationPortraitUpsideDown UIInterfaceOrientationLandscapeLeft UIInterfaceOrientationLandscapeRight";
				INFOPLIST_KEY_UISupportedInterfaceOrientations_iPhone = "UIInterfaceOrientationPortrait UIInterfaceOrientationLandscapeLeft UIInterfaceOrientationLandscapeRight";
				LD_RUNPATH_SEARCH_PATHS = (
					"$(inherited)",
					"@executable_path/Frameworks",
				);
				MARKETING_VERSION = 1.0;
				PRODUCT_BUNDLE_IDENTIFIER = "com.androsenkoartem.MVVM-TableVIew";
				PRODUCT_NAME = "$(TARGET_NAME)";
				SWIFT_EMIT_LOC_STRINGS = YES;
				SWIFT_VERSION = 5.0;
				TARGETED_DEVICE_FAMILY = "1,2";
			};
			name = Debug;
		};
		DD412E4329C5AE7A0050346D /* Release */ = {
			isa = XCBuildConfiguration;
			buildSettings = {
				ASSETCATALOG_COMPILER_APPICON_NAME = AppIcon;
				ASSETCATALOG_COMPILER_GLOBAL_ACCENT_COLOR_NAME = AccentColor;
				CODE_SIGN_STYLE = Automatic;
				CURRENT_PROJECT_VERSION = 1;
				DEVELOPMENT_TEAM = F5T2KNU2K8;
				GENERATE_INFOPLIST_FILE = YES;
				INFOPLIST_FILE = "MVVM-TableVIew/Info.plist";
				INFOPLIST_KEY_UIApplicationSupportsIndirectInputEvents = YES;
				INFOPLIST_KEY_UILaunchStoryboardName = LaunchScreen;
				INFOPLIST_KEY_UIMainStoryboardFile = Main;
				INFOPLIST_KEY_UISupportedInterfaceOrientations_iPad = "UIInterfaceOrientationPortrait UIInterfaceOrientationPortraitUpsideDown UIInterfaceOrientationLandscapeLeft UIInterfaceOrientationLandscapeRight";
				INFOPLIST_KEY_UISupportedInterfaceOrientations_iPhone = "UIInterfaceOrientationPortrait UIInterfaceOrientationLandscapeLeft UIInterfaceOrientationLandscapeRight";
				LD_RUNPATH_SEARCH_PATHS = (
					"$(inherited)",
					"@executable_path/Frameworks",
				);
				MARKETING_VERSION = 1.0;
				PRODUCT_BUNDLE_IDENTIFIER = "com.androsenkoartem.MVVM-TableVIew";
				PRODUCT_NAME = "$(TARGET_NAME)";
				SWIFT_EMIT_LOC_STRINGS = YES;
				SWIFT_VERSION = 5.0;
				TARGETED_DEVICE_FAMILY = "1,2";
			};
			name = Release;
		};
/* End XCBuildConfiguration section */

/* Begin XCConfigurationList section */
		DD412E2829C5AE770050346D /* Build configuration list for PBXProject "MVVM-TableVIew" */ = {
			isa = XCConfigurationList;
			buildConfigurations = (
				DD412E3F29C5AE7A0050346D /* Debug */,
				DD412E4029C5AE7A0050346D /* Release */,
			);
			defaultConfigurationIsVisible = 0;
			defaultConfigurationName = Release;
		};
		DD412E4129C5AE7A0050346D /* Build configuration list for PBXNativeTarget "MVVM-TableVIew" */ = {
			isa = XCConfigurationList;
			buildConfigurations = (
				DD412E4229C5AE7A0050346D /* Debug */,
				DD412E4329C5AE7A0050346D /* Release */,
			);
			defaultConfigurationIsVisible = 0;
			defaultConfigurationName = Release;
		};
/* End XCConfigurationList section */
	};
	rootObject = DD412E2529C5AE770050346D /* Project object */;
}
